
Microsoft Visual Studio Solution File, Format Version 12.00
# Visual Studio 15
Project("{FAE04EC0-301F-11D3-BF4B-00C04F79EFBC}") = "OdinSerializer", "OdinSerializer.csproj", "{70401A38-5C3C-9E73-5B98-8BB3FFA0EFA1}"
EndProject
Project("{FAE04EC0-301F-11D3-BF4B-00C04F79EFBC}") = "Oculus.Platform", "Oculus.Platform.csproj", "{B144D971-6DAD-2CFE-4E7A-BEF2D2B21F75}"
EndProject
Project("{FAE04EC0-301F-11D3-BF4B-00C04F79EFBC}") = "Assembly-CSharp", "Assembly-CSharp.csproj", "{7CA597AC-799E-2D81-E8A0-0EA9A568434E}"
EndProject
Project("{FAE04EC0-301F-11D3-BF4B-00C04F79EFBC}") = "Oculus.Interaction", "Oculus.Interaction.csproj", "{1F537693-CE20-16B2-77F4-4BA5E67F02D9}"
EndProject
Project("{FAE04EC0-301F-11D3-BF4B-00C04F79EFBC}") = "Meta.WitAi", "Meta.WitAi.csproj", "{8711D7D9-340F-8BCA-8F3B-42E0674B0BD2}"
EndProject
Project("{FAE04EC0-301F-11D3-BF4B-00C04F79EFBC}") = "Oculus.VR", "Oculus.VR.csproj", "{F7C7B6A8-C016-677A-A9F4-79626CED465A}"
EndProject
Project("{FAE04EC0-301F-11D3-BF4B-00C04F79EFBC}") = "VoiceSDK.Dictation.Runtime", "VoiceSDK.Dictation.Runtime.csproj", "{74B03AC9-7381-A716-F56B-818A55BCD2D8}"
EndProject
Project("{FAE04EC0-301F-11D3-BF4B-00C04F79EFBC}") = "VoiceSDK.Runtime", "VoiceSDK.Runtime.csproj", "{D4F034A0-D04A-CE16-1081-6AB7A13CC3DD}"
EndProject
Project("{FAE04EC0-301F-11D3-BF4B-00C04F79EFBC}") = "Oculus.Interaction.OVR.Samples", "Oculus.Interaction.OVR.Samples.csproj", "{42158D3A-C87E-AD5F-DFEA-FBF0C473B3A4}"
EndProject
Project("{FAE04EC0-301F-11D3-BF4B-00C04F79EFBC}") = "Meta.WitAi.TTS.Samples", "Meta.WitAi.TTS.Samples.csproj", "{E66202E3-2376-8063-DECD-EF4F3403C865}"
EndProject
Project("{FAE04EC0-301F-11D3-BF4B-00C04F79EFBC}") = "Oculus.Voice.Demo", "Oculus.Voice.Demo.csproj", "{D7335F74-3E85-8AFD-3688-467522E56680}"
EndProject
Project("{FAE04EC0-301F-11D3-BF4B-00C04F79EFBC}") = "Meta.WitAi.Lib", "Meta.WitAi.Lib.csproj", "{7CBA2E2E-7533-F562-ECD0-8CCAA4AD3FF2}"
EndProject
Project("{FAE04EC0-301F-11D3-BF4B-00C04F79EFBC}") = "Oculus.Interaction.OVR", "Oculus.Interaction.OVR.csproj", "{0A0418BC-4BAB-8309-8603-2F0003C8CB2E}"
EndProject
Project("{FAE04EC0-301F-11D3-BF4B-00C04F79EFBC}") = "AssistantCoreSDKRuntime", "AssistantCoreSDKRuntime.csproj", "{93C844B0-7B69-EC64-B5C7-F2163484AB88}"
EndProject
Project("{FAE04EC0-301F-11D3-BF4B-00C04F79EFBC}") = "NaughtyAttributes.Core", "NaughtyAttributes.Core.csproj", "{A745939D-08B2-1AA2-E195-E127E097A63D}"
EndProject
Project("{FAE04EC0-301F-11D3-BF4B-00C04F79EFBC}") = "Meta.WitAi.Conduit", "Meta.WitAi.Conduit.csproj", "{5A2B6A74-E1EA-CF58-BCF1-E11ABB1932C4}"
EndProject
Project("{FAE04EC0-301F-11D3-BF4B-00C04F79EFBC}") = "Oculus.AudioManager", "Oculus.AudioManager.csproj", "{1E481964-5D4A-1661-764B-10C06321B922}"
EndProject
Project("{FAE04EC0-301F-11D3-BF4B-00C04F79EFBC}") = "Oculus.LipSync", "Oculus.LipSync.csproj", "{E1B14921-95D4-BA6E-FA31-B6DFC9C5AC51}"
EndProject
Project("{FAE04EC0-301F-11D3-BF4B-00C04F79EFBC}") = "VFXGraph.OutputEventHandlers", "VFXGraph.OutputEventHandlers.csproj", "{702BE41B-15C7-BC42-FA18-26FE917D7AE2}"
EndProject
Project("{FAE04EC0-301F-11D3-BF4B-00C04F79EFBC}") = "Oculus.Spatializer", "Oculus.Spatializer.csproj", "{E0BEF339-CB34-C946-BE68-4489E757B7CE}"
EndProject
Project("{FAE04EC0-301F-11D3-BF4B-00C04F79EFBC}") = "Meta.VoiceSDK.Mic.Other", "Meta.VoiceSDK.Mic.Other.csproj", "{EF02D956-D0E7-DC02-076F-A9CACD9099CC}"
EndProject
Project("{FAE04EC0-301F-11D3-BF4B-00C04F79EFBC}") = "Meta.VoiceSDK.Mic.Common", "Meta.VoiceSDK.Mic.Common.csproj", "{771634DF-0EEE-8D1C-1231-C09174D4673F}"
EndProject
Project("{FAE04EC0-301F-11D3-BF4B-00C04F79EFBC}") = "Facebook.Wit.Dictation", "Facebook.Wit.Dictation.csproj", "{51B42366-0747-F428-DD02-C7917C5A890D}"
EndProject
Project("{FAE04EC0-301F-11D3-BF4B-00C04F79EFBC}") = "Meta.WitAi.TTS", "Meta.WitAi.TTS.csproj", "{A9EDF722-2104-DDD2-8EB3-3FF544CD349D}"
EndProject
Project("{FAE04EC0-301F-11D3-BF4B-00C04F79EFBC}") = "Meta.WitAi.Editor", "Meta.WitAi.Editor.csproj", "{7A7AAB28-DA93-12A7-B47E-817A714340BC}"
EndProject
Project("{FAE04EC0-301F-11D3-BF4B-00C04F79EFBC}") = "Meta.WitAI.Lib.Editor", "Meta.WitAI.Lib.Editor.csproj", "{B7B352F6-0AB7-52DC-AA04-6E4CBE117853}"
EndProject
Project("{FAE04EC0-301F-11D3-BF4B-00C04F79EFBC}") = "NaughtyAttributes.Editor", "NaughtyAttributes.Editor.csproj", "{0B0F3693-E681-0E7F-2009-6689F32414AC}"
EndProject
Project("{FAE04EC0-301F-11D3-BF4B-00C04F79EFBC}") = "Oculus.VR.Editor", "Oculus.VR.Editor.csproj", "{61924A46-68D7-FBC7-6ABF-AE2E558A1E22}"
EndProject
Project("{FAE04EC0-301F-11D3-BF4B-00C04F79EFBC}") = "Meta.WitAi.Conduit.Editor", "Meta.WitAi.Conduit.Editor.csproj", "{539A438B-723D-7642-4FB0-4474715A1DF9}"
EndProject
Project("{FAE04EC0-301F-11D3-BF4B-00C04F79EFBC}") = "Oculus.Interaction.Editor", "Oculus.Interaction.Editor.csproj", "{D619362A-6DDB-7BB8-D55E-D09D39EF039D}"
EndProject
Project("{FAE04EC0-301F-11D3-BF4B-00C04F79EFBC}") = "Oculus.Interaction.OVR.Editor", "Oculus.Interaction.OVR.Editor.csproj", "{BF8C47A5-E5BF-8C90-B8EC-31C224ACA084}"
EndProject
Project("{FAE04EC0-301F-11D3-BF4B-00C04F79EFBC}") = "Assembly-CSharp-Editor", "Assembly-CSharp-Editor.csproj", "{350FE3E3-48A3-F652-05DF-AA9DB89C53B0}"
EndProject
Project("{FAE04EC0-301F-11D3-BF4B-00C04F79EFBC}") = "Oculus.VR.Scripts.Editor", "Oculus.VR.Scripts.Editor.csproj", "{FA7B67CC-5776-1BBE-8DC4-311D5EA5D92C}"
EndProject
Project("{FAE04EC0-301F-11D3-BF4B-00C04F79EFBC}") = "Oculus.Spatializer.Editor", "Oculus.Spatializer.Editor.csproj", "{CADFC531-52D9-3202-47AB-056B9E0D6F27}"
EndProject
Project("{FAE04EC0-301F-11D3-BF4B-00C04F79EFBC}") = "Meta.WitAi.TTS.Editor", "Meta.WitAi.TTS.Editor.csproj", "{4AC14EA1-4FCC-0BCD-F71A-CDE9BA32DA86}"
EndProject
Project("{FAE04EC0-301F-11D3-BF4B-00C04F79EFBC}") = "VoiceSDK.Dictation.Editor", "VoiceSDK.Dictation.Editor.csproj", "{EBF2A960-EB96-F2CB-9E69-7860C4359547}"
EndProject
Project("{FAE04EC0-301F-11D3-BF4B-00C04F79EFBC}") = "Oculus.Platform.Editor", "Oculus.Platform.Editor.csproj", "{0BF4CB7F-4FFE-D7E4-7435-55F758D503B6}"
EndProject
Project("{FAE04EC0-301F-11D3-BF4B-00C04F79EFBC}") = "VoiceSDK.Editor", "VoiceSDK.Editor.csproj", "{7EF637CE-EE2D-E4FB-7190-E52AD4CFAA0A}"
EndProject
Project("{FAE04EC0-301F-11D3-BF4B-00C04F79EFBC}") = "Oculus.AudioManager.Audio.Editor", "Oculus.AudioManager.Audio.Editor.csproj", "{30560E49-8922-DFE5-A661-906A6EFF576F}"
EndProject
Project("{FAE04EC0-301F-11D3-BF4B-00C04F79EFBC}") = "VFXGraph.OutputEventHandlers.Editor", "VFXGraph.OutputEventHandlers.Editor.csproj", "{95ACF418-AE07-8DF3-CC01-623BD5AE7388}"
EndProject
Project("{FAE04EC0-301F-11D3-BF4B-00C04F79EFBC}") = "Oculus.LipSync.Editor", "Oculus.LipSync.Editor.csproj", "{3B0D53AD-9646-1AD4-8A17-DB5961F11611}"
EndProject
Project("{FAE04EC0-301F-11D3-BF4B-00C04F79EFBC}") = "Oculus.AudioManager.Utils.Editor", "Oculus.AudioManager.Utils.Editor.csproj", "{76EF3440-AEBB-D87F-CFD8-04D85F7FD428}"
EndProject
Project("{FAE04EC0-301F-11D3-BF4B-00C04F79EFBC}") = "Oculus.Interaction.Samples.Editor", "Oculus.Interaction.Samples.Editor.csproj", "{87582870-1173-0E2F-F49A-4B91EA002E85}"
EndProject
Project("{FAE04EC0-301F-11D3-BF4B-00C04F79EFBC}") = "Facebook.Wit.Dictation.Editor", "Facebook.Wit.Dictation.Editor.csproj", "{AC348226-F2EC-4BD9-C9E8-3AB80277F6F9}"
EndProject
Project("{FAE04EC0-301F-11D3-BF4B-00C04F79EFBC}") = "Oculus.Interaction.InterfaceSupport", "Oculus.Interaction.InterfaceSupport.csproj", "{8135DD1B-57B3-9A81-5532-017A660ACEC7}"
EndProject
Project("{FAE04EC0-301F-11D3-BF4B-00C04F79EFBC}") = "AssistantCoreSDKEditor", "AssistantCoreSDKEditor.csproj", "{3D6D6953-8F3C-5A07-B60F-186CDB39C653}"
EndProject
Global
	GlobalSection(SolutionConfigurationPlatforms) = preSolution
		Debug|Any CPU = Debug|Any CPU
		Release|Any CPU = Release|Any CPU
	EndGlobalSection
	GlobalSection(ProjectConfigurationPlatforms) = postSolution
		{70401A38-5C3C-9E73-5B98-8BB3FFA0EFA1}.Debug|Any CPU.ActiveCfg = Debug|Any CPU
		{70401A38-5C3C-9E73-5B98-8BB3FFA0EFA1}.Debug|Any CPU.Build.0 = Debug|Any CPU
		{70401A38-5C3C-9E73-5B98-8BB3FFA0EFA1}.Release|Any CPU.ActiveCfg = Release|Any CPU
		{70401A38-5C3C-9E73-5B98-8BB3FFA0EFA1}.Release|Any CPU.Build.0 = Release|Any CPU
		{B144D971-6DAD-2CFE-4E7A-BEF2D2B21F75}.Debug|Any CPU.ActiveCfg = Debug|Any CPU
		{B144D971-6DAD-2CFE-4E7A-BEF2D2B21F75}.Debug|Any CPU.Build.0 = Debug|Any CPU
		{B144D971-6DAD-2CFE-4E7A-BEF2D2B21F75}.Release|Any CPU.ActiveCfg = Release|Any CPU
		{B144D971-6DAD-2CFE-4E7A-BEF2D2B21F75}.Release|Any CPU.Build.0 = Release|Any CPU
		{7CA597AC-799E-2D81-E8A0-0EA9A568434E}.Debug|Any CPU.ActiveCfg = Debug|Any CPU
		{7CA597AC-799E-2D81-E8A0-0EA9A568434E}.Debug|Any CPU.Build.0 = Debug|Any CPU
		{7CA597AC-799E-2D81-E8A0-0EA9A568434E}.Release|Any CPU.ActiveCfg = Release|Any CPU
		{7CA597AC-799E-2D81-E8A0-0EA9A568434E}.Release|Any CPU.Build.0 = Release|Any CPU
		{1F537693-CE20-16B2-77F4-4BA5E67F02D9}.Debug|Any CPU.ActiveCfg = Debug|Any CPU
		{1F537693-CE20-16B2-77F4-4BA5E67F02D9}.Debug|Any CPU.Build.0 = Debug|Any CPU
		{1F537693-CE20-16B2-77F4-4BA5E67F02D9}.Release|Any CPU.ActiveCfg = Release|Any CPU
		{1F537693-CE20-16B2-77F4-4BA5E67F02D9}.Release|Any CPU.Build.0 = Release|Any CPU
		{8711D7D9-340F-8BCA-8F3B-42E0674B0BD2}.Debug|Any CPU.ActiveCfg = Debug|Any CPU
		{8711D7D9-340F-8BCA-8F3B-42E0674B0BD2}.Debug|Any CPU.Build.0 = Debug|Any CPU
		{8711D7D9-340F-8BCA-8F3B-42E0674B0BD2}.Release|Any CPU.ActiveCfg = Release|Any CPU
		{8711D7D9-340F-8BCA-8F3B-42E0674B0BD2}.Release|Any CPU.Build.0 = Release|Any CPU
		{F7C7B6A8-C016-677A-A9F4-79626CED465A}.Debug|Any CPU.ActiveCfg = Debug|Any CPU
		{F7C7B6A8-C016-677A-A9F4-79626CED465A}.Debug|Any CPU.Build.0 = Debug|Any CPU
		{F7C7B6A8-C016-677A-A9F4-79626CED465A}.Release|Any CPU.ActiveCfg = Release|Any CPU
		{F7C7B6A8-C016-677A-A9F4-79626CED465A}.Release|Any CPU.Build.0 = Release|Any CPU
		{74B03AC9-7381-A716-F56B-818A55BCD2D8}.Debug|Any CPU.ActiveCfg = Debug|Any CPU
		{74B03AC9-7381-A716-F56B-818A55BCD2D8}.Debug|Any CPU.Build.0 = Debug|Any CPU
		{74B03AC9-7381-A716-F56B-818A55BCD2D8}.Release|Any CPU.ActiveCfg = Release|Any CPU
		{74B03AC9-7381-A716-F56B-818A55BCD2D8}.Release|Any CPU.Build.0 = Release|Any CPU
		{D4F034A0-D04A-CE16-1081-6AB7A13CC3DD}.Debug|Any CPU.ActiveCfg = Debug|Any CPU
		{D4F034A0-D04A-CE16-1081-6AB7A13CC3DD}.Debug|Any CPU.Build.0 = Debug|Any CPU
		{D4F034A0-D04A-CE16-1081-6AB7A13CC3DD}.Release|Any CPU.ActiveCfg = Release|Any CPU
		{D4F034A0-D04A-CE16-1081-6AB7A13CC3DD}.Release|Any CPU.Build.0 = Release|Any CPU
		{42158D3A-C87E-AD5F-DFEA-FBF0C473B3A4}.Debug|Any CPU.ActiveCfg = Debug|Any CPU
		{42158D3A-C87E-AD5F-DFEA-FBF0C473B3A4}.Debug|Any CPU.Build.0 = Debug|Any CPU
		{42158D3A-C87E-AD5F-DFEA-FBF0C473B3A4}.Release|Any CPU.ActiveCfg = Release|Any CPU
		{42158D3A-C87E-AD5F-DFEA-FBF0C473B3A4}.Release|Any CPU.Build.0 = Release|Any CPU
		{E66202E3-2376-8063-DECD-EF4F3403C865}.Debug|Any CPU.ActiveCfg = Debug|Any CPU
		{E66202E3-2376-8063-DECD-EF4F3403C865}.Debug|Any CPU.Build.0 = Debug|Any CPU
		{E66202E3-2376-8063-DECD-EF4F3403C865}.Release|Any CPU.ActiveCfg = Release|Any CPU
		{E66202E3-2376-8063-DECD-EF4F3403C865}.Release|Any CPU.Build.0 = Release|Any CPU
		{D7335F74-3E85-8AFD-3688-467522E56680}.Debug|Any CPU.ActiveCfg = Debug|Any CPU
		{D7335F74-3E85-8AFD-3688-467522E56680}.Debug|Any CPU.Build.0 = Debug|Any CPU
		{D7335F74-3E85-8AFD-3688-467522E56680}.Release|Any CPU.ActiveCfg = Release|Any CPU
		{D7335F74-3E85-8AFD-3688-467522E56680}.Release|Any CPU.Build.0 = Release|Any CPU
		{7CBA2E2E-7533-F562-ECD0-8CCAA4AD3FF2}.Debug|Any CPU.ActiveCfg = Debug|Any CPU
		{7CBA2E2E-7533-F562-ECD0-8CCAA4AD3FF2}.Debug|Any CPU.Build.0 = Debug|Any CPU
		{7CBA2E2E-7533-F562-ECD0-8CCAA4AD3FF2}.Release|Any CPU.ActiveCfg = Release|Any CPU
		{7CBA2E2E-7533-F562-ECD0-8CCAA4AD3FF2}.Release|Any CPU.Build.0 = Release|Any CPU
		{0A0418BC-4BAB-8309-8603-2F0003C8CB2E}.Debug|Any CPU.ActiveCfg = Debug|Any CPU
		{0A0418BC-4BAB-8309-8603-2F0003C8CB2E}.Debug|Any CPU.Build.0 = Debug|Any CPU
		{0A0418BC-4BAB-8309-8603-2F0003C8CB2E}.Release|Any CPU.ActiveCfg = Release|Any CPU
		{0A0418BC-4BAB-8309-8603-2F0003C8CB2E}.Release|Any CPU.Build.0 = Release|Any CPU
		{93C844B0-7B69-EC64-B5C7-F2163484AB88}.Debug|Any CPU.ActiveCfg = Debug|Any CPU
		{93C844B0-7B69-EC64-B5C7-F2163484AB88}.Debug|Any CPU.Build.0 = Debug|Any CPU
		{93C844B0-7B69-EC64-B5C7-F2163484AB88}.Release|Any CPU.ActiveCfg = Release|Any CPU
		{93C844B0-7B69-EC64-B5C7-F2163484AB88}.Release|Any CPU.Build.0 = Release|Any CPU
		{A745939D-08B2-1AA2-E195-E127E097A63D}.Debug|Any CPU.ActiveCfg = Debug|Any CPU
		{A745939D-08B2-1AA2-E195-E127E097A63D}.Debug|Any CPU.Build.0 = Debug|Any CPU
		{A745939D-08B2-1AA2-E195-E127E097A63D}.Release|Any CPU.ActiveCfg = Release|Any CPU
		{A745939D-08B2-1AA2-E195-E127E097A63D}.Release|Any CPU.Build.0 = Release|Any CPU
		{5A2B6A74-E1EA-CF58-BCF1-E11ABB1932C4}.Debug|Any CPU.ActiveCfg = Debug|Any CPU
		{5A2B6A74-E1EA-CF58-BCF1-E11ABB1932C4}.Debug|Any CPU.Build.0 = Debug|Any CPU
		{5A2B6A74-E1EA-CF58-BCF1-E11ABB1932C4}.Release|Any CPU.ActiveCfg = Release|Any CPU
		{5A2B6A74-E1EA-CF58-BCF1-E11ABB1932C4}.Release|Any CPU.Build.0 = Release|Any CPU
		{1E481964-5D4A-1661-764B-10C06321B922}.Debug|Any CPU.ActiveCfg = Debug|Any CPU
		{1E481964-5D4A-1661-764B-10C06321B922}.Debug|Any CPU.Build.0 = Debug|Any CPU
		{1E481964-5D4A-1661-764B-10C06321B922}.Release|Any CPU.ActiveCfg = Release|Any CPU
		{1E481964-5D4A-1661-764B-10C06321B922}.Release|Any CPU.Build.0 = Release|Any CPU
		{E1B14921-95D4-BA6E-FA31-B6DFC9C5AC51}.Debug|Any CPU.ActiveCfg = Debug|Any CPU
		{E1B14921-95D4-BA6E-FA31-B6DFC9C5AC51}.Debug|Any CPU.Build.0 = Debug|Any CPU
		{E1B14921-95D4-BA6E-FA31-B6DFC9C5AC51}.Release|Any CPU.ActiveCfg = Release|Any CPU
		{E1B14921-95D4-BA6E-FA31-B6DFC9C5AC51}.Release|Any CPU.Build.0 = Release|Any CPU
		{702BE41B-15C7-BC42-FA18-26FE917D7AE2}.Debug|Any CPU.ActiveCfg = Debug|Any CPU
		{702BE41B-15C7-BC42-FA18-26FE917D7AE2}.Debug|Any CPU.Build.0 = Debug|Any CPU
		{702BE41B-15C7-BC42-FA18-26FE917D7AE2}.Release|Any CPU.ActiveCfg = Release|Any CPU
		{702BE41B-15C7-BC42-FA18-26FE917D7AE2}.Release|Any CPU.Build.0 = Release|Any CPU
		{E0BEF339-CB34-C946-BE68-4489E757B7CE}.Debug|Any CPU.ActiveCfg = Debug|Any CPU
		{E0BEF339-CB34-C946-BE68-4489E757B7CE}.Debug|Any CPU.Build.0 = Debug|Any CPU
		{E0BEF339-CB34-C946-BE68-4489E757B7CE}.Release|Any CPU.ActiveCfg = Release|Any CPU
		{E0BEF339-CB34-C946-BE68-4489E757B7CE}.Release|Any CPU.Build.0 = Release|Any CPU
		{EF02D956-D0E7-DC02-076F-A9CACD9099CC}.Debug|Any CPU.ActiveCfg = Debug|Any CPU
		{EF02D956-D0E7-DC02-076F-A9CACD9099CC}.Debug|Any CPU.Build.0 = Debug|Any CPU
		{EF02D956-D0E7-DC02-076F-A9CACD9099CC}.Release|Any CPU.ActiveCfg = Release|Any CPU
		{EF02D956-D0E7-DC02-076F-A9CACD9099CC}.Release|Any CPU.Build.0 = Release|Any CPU
		{771634DF-0EEE-8D1C-1231-C09174D4673F}.Debug|Any CPU.ActiveCfg = Debug|Any CPU
		{771634DF-0EEE-8D1C-1231-C09174D4673F}.Debug|Any CPU.Build.0 = Debug|Any CPU
		{771634DF-0EEE-8D1C-1231-C09174D4673F}.Release|Any CPU.ActiveCfg = Release|Any CPU
		{771634DF-0EEE-8D1C-1231-C09174D4673F}.Release|Any CPU.Build.0 = Release|Any CPU
		{51B42366-0747-F428-DD02-C7917C5A890D}.Debug|Any CPU.ActiveCfg = Debug|Any CPU
		{51B42366-0747-F428-DD02-C7917C5A890D}.Debug|Any CPU.Build.0 = Debug|Any CPU
		{51B42366-0747-F428-DD02-C7917C5A890D}.Release|Any CPU.ActiveCfg = Release|Any CPU
		{51B42366-0747-F428-DD02-C7917C5A890D}.Release|Any CPU.Build.0 = Release|Any CPU
		{A9EDF722-2104-DDD2-8EB3-3FF544CD349D}.Debug|Any CPU.ActiveCfg = Debug|Any CPU
		{A9EDF722-2104-DDD2-8EB3-3FF544CD349D}.Debug|Any CPU.Build.0 = Debug|Any CPU
		{A9EDF722-2104-DDD2-8EB3-3FF544CD349D}.Release|Any CPU.ActiveCfg = Release|Any CPU
		{A9EDF722-2104-DDD2-8EB3-3FF544CD349D}.Release|Any CPU.Build.0 = Release|Any CPU
		{7A7AAB28-DA93-12A7-B47E-817A714340BC}.Debug|Any CPU.ActiveCfg = Debug|Any CPU
		{7A7AAB28-DA93-12A7-B47E-817A714340BC}.Debug|Any CPU.Build.0 = Debug|Any CPU
		{7A7AAB28-DA93-12A7-B47E-817A714340BC}.Release|Any CPU.ActiveCfg = Release|Any CPU
		{7A7AAB28-DA93-12A7-B47E-817A714340BC}.Release|Any CPU.Build.0 = Release|Any CPU
		{B7B352F6-0AB7-52DC-AA04-6E4CBE117853}.Debug|Any CPU.ActiveCfg = Debug|Any CPU
		{B7B352F6-0AB7-52DC-AA04-6E4CBE117853}.Debug|Any CPU.Build.0 = Debug|Any CPU
		{B7B352F6-0AB7-52DC-AA04-6E4CBE117853}.Release|Any CPU.ActiveCfg = Release|Any CPU
		{B7B352F6-0AB7-52DC-AA04-6E4CBE117853}.Release|Any CPU.Build.0 = Release|Any CPU
		{0B0F3693-E681-0E7F-2009-6689F32414AC}.Debug|Any CPU.ActiveCfg = Debug|Any CPU
		{0B0F3693-E681-0E7F-2009-6689F32414AC}.Debug|Any CPU.Build.0 = Debug|Any CPU
		{0B0F3693-E681-0E7F-2009-6689F32414AC}.Release|Any CPU.ActiveCfg = Release|Any CPU
		{0B0F3693-E681-0E7F-2009-6689F32414AC}.Release|Any CPU.Build.0 = Release|Any CPU
		{61924A46-68D7-FBC7-6ABF-AE2E558A1E22}.Debug|Any CPU.ActiveCfg = Debug|Any CPU
		{61924A46-68D7-FBC7-6ABF-AE2E558A1E22}.Debug|Any CPU.Build.0 = Debug|Any CPU
		{61924A46-68D7-FBC7-6ABF-AE2E558A1E22}.Release|Any CPU.ActiveCfg = Release|Any CPU
		{61924A46-68D7-FBC7-6ABF-AE2E558A1E22}.Release|Any CPU.Build.0 = Release|Any CPU
		{539A438B-723D-7642-4FB0-4474715A1DF9}.Debug|Any CPU.ActiveCfg = Debug|Any CPU
		{539A438B-723D-7642-4FB0-4474715A1DF9}.Debug|Any CPU.Build.0 = Debug|Any CPU
		{539A438B-723D-7642-4FB0-4474715A1DF9}.Release|Any CPU.ActiveCfg = Release|Any CPU
		{539A438B-723D-7642-4FB0-4474715A1DF9}.Release|Any CPU.Build.0 = Release|Any CPU
		{D619362A-6DDB-7BB8-D55E-D09D39EF039D}.Debug|Any CPU.ActiveCfg = Debug|Any CPU
		{D619362A-6DDB-7BB8-D55E-D09D39EF039D}.Debug|Any CPU.Build.0 = Debug|Any CPU
		{D619362A-6DDB-7BB8-D55E-D09D39EF039D}.Release|Any CPU.ActiveCfg = Release|Any CPU
		{D619362A-6DDB-7BB8-D55E-D09D39EF039D}.Release|Any CPU.Build.0 = Release|Any CPU
		{BF8C47A5-E5BF-8C90-B8EC-31C224ACA084}.Debug|Any CPU.ActiveCfg = Debug|Any CPU
		{BF8C47A5-E5BF-8C90-B8EC-31C224ACA084}.Debug|Any CPU.Build.0 = Debug|Any CPU
		{BF8C47A5-E5BF-8C90-B8EC-31C224ACA084}.Release|Any CPU.ActiveCfg = Release|Any CPU
		{BF8C47A5-E5BF-8C90-B8EC-31C224ACA084}.Release|Any CPU.Build.0 = Release|Any CPU
		{350FE3E3-48A3-F652-05DF-AA9DB89C53B0}.Debug|Any CPU.ActiveCfg = Debug|Any CPU
		{350FE3E3-48A3-F652-05DF-AA9DB89C53B0}.Debug|Any CPU.Build.0 = Debug|Any CPU
		{350FE3E3-48A3-F652-05DF-AA9DB89C53B0}.Release|Any CPU.ActiveCfg = Release|Any CPU
		{350FE3E3-48A3-F652-05DF-AA9DB89C53B0}.Release|Any CPU.Build.0 = Release|Any CPU
		{FA7B67CC-5776-1BBE-8DC4-311D5EA5D92C}.Debug|Any CPU.ActiveCfg = Debug|Any CPU
		{FA7B67CC-5776-1BBE-8DC4-311D5EA5D92C}.Debug|Any CPU.Build.0 = Debug|Any CPU
		{FA7B67CC-5776-1BBE-8DC4-311D5EA5D92C}.Release|Any CPU.ActiveCfg = Release|Any CPU
		{FA7B67CC-5776-1BBE-8DC4-311D5EA5D92C}.Release|Any CPU.Build.0 = Release|Any CPU
		{CADFC531-52D9-3202-47AB-056B9E0D6F27}.Debug|Any CPU.ActiveCfg = Debug|Any CPU
		{CADFC531-52D9-3202-47AB-056B9E0D6F27}.Debug|Any CPU.Build.0 = Debug|Any CPU
		{CADFC531-52D9-3202-47AB-056B9E0D6F27}.Release|Any CPU.ActiveCfg = Release|Any CPU
		{CADFC531-52D9-3202-47AB-056B9E0D6F27}.Release|Any CPU.Build.0 = Release|Any CPU
		{4AC14EA1-4FCC-0BCD-F71A-CDE9BA32DA86}.Debug|Any CPU.ActiveCfg = Debug|Any CPU
		{4AC14EA1-4FCC-0BCD-F71A-CDE9BA32DA86}.Debug|Any CPU.Build.0 = Debug|Any CPU
		{4AC14EA1-4FCC-0BCD-F71A-CDE9BA32DA86}.Release|Any CPU.ActiveCfg = Release|Any CPU
		{4AC14EA1-4FCC-0BCD-F71A-CDE9BA32DA86}.Release|Any CPU.Build.0 = Release|Any CPU
		{EBF2A960-EB96-F2CB-9E69-7860C4359547}.Debug|Any CPU.ActiveCfg = Debug|Any CPU
		{EBF2A960-EB96-F2CB-9E69-7860C4359547}.Debug|Any CPU.Build.0 = Debug|Any CPU
		{EBF2A960-EB96-F2CB-9E69-7860C4359547}.Release|Any CPU.ActiveCfg = Release|Any CPU
		{EBF2A960-EB96-F2CB-9E69-7860C4359547}.Release|Any CPU.Build.0 = Release|Any CPU
		{0BF4CB7F-4FFE-D7E4-7435-55F758D503B6}.Debug|Any CPU.ActiveCfg = Debug|Any CPU
		{0BF4CB7F-4FFE-D7E4-7435-55F758D503B6}.Debug|Any CPU.Build.0 = Debug|Any CPU
		{0BF4CB7F-4FFE-D7E4-7435-55F758D503B6}.Release|Any CPU.ActiveCfg = Release|Any CPU
		{0BF4CB7F-4FFE-D7E4-7435-55F758D503B6}.Release|Any CPU.Build.0 = Release|Any CPU
		{7EF637CE-EE2D-E4FB-7190-E52AD4CFAA0A}.Debug|Any CPU.ActiveCfg = Debug|Any CPU
		{7EF637CE-EE2D-E4FB-7190-E52AD4CFAA0A}.Debug|Any CPU.Build.0 = Debug|Any CPU
		{7EF637CE-EE2D-E4FB-7190-E52AD4CFAA0A}.Release|Any CPU.ActiveCfg = Release|Any CPU
		{7EF637CE-EE2D-E4FB-7190-E52AD4CFAA0A}.Release|Any CPU.Build.0 = Release|Any CPU
		{30560E49-8922-DFE5-A661-906A6EFF576F}.Debug|Any CPU.ActiveCfg = Debug|Any CPU
		{30560E49-8922-DFE5-A661-906A6EFF576F}.Debug|Any CPU.Build.0 = Debug|Any CPU
		{30560E49-8922-DFE5-A661-906A6EFF576F}.Release|Any CPU.ActiveCfg = Release|Any CPU
		{30560E49-8922-DFE5-A661-906A6EFF576F}.Release|Any CPU.Build.0 = Release|Any CPU
		{95ACF418-AE07-8DF3-CC01-623BD5AE7388}.Debug|Any CPU.ActiveCfg = Debug|Any CPU
		{95ACF418-AE07-8DF3-CC01-623BD5AE7388}.Debug|Any CPU.Build.0 = Debug|Any CPU
		{95ACF418-AE07-8DF3-CC01-623BD5AE7388}.Release|Any CPU.ActiveCfg = Release|Any CPU
		{95ACF418-AE07-8DF3-CC01-623BD5AE7388}.Release|Any CPU.Build.0 = Release|Any CPU
		{3B0D53AD-9646-1AD4-8A17-DB5961F11611}.Debug|Any CPU.ActiveCfg = Debug|Any CPU
		{3B0D53AD-9646-1AD4-8A17-DB5961F11611}.Debug|Any CPU.Build.0 = Debug|Any CPU
		{3B0D53AD-9646-1AD4-8A17-DB5961F11611}.Release|Any CPU.ActiveCfg = Release|Any CPU
		{3B0D53AD-9646-1AD4-8A17-DB5961F11611}.Release|Any CPU.Build.0 = Release|Any CPU
		{76EF3440-AEBB-D87F-CFD8-04D85F7FD428}.Debug|Any CPU.ActiveCfg = Debug|Any CPU
		{76EF3440-AEBB-D87F-CFD8-04D85F7FD428}.Debug|Any CPU.Build.0 = Debug|Any CPU
		{76EF3440-AEBB-D87F-CFD8-04D85F7FD428}.Release|Any CPU.ActiveCfg = Release|Any CPU
		{76EF3440-AEBB-D87F-CFD8-04D85F7FD428}.Release|Any CPU.Build.0 = Release|Any CPU
		{87582870-1173-0E2F-F49A-4B91EA002E85}.Debug|Any CPU.ActiveCfg = Debug|Any CPU
		{87582870-1173-0E2F-F49A-4B91EA002E85}.Debug|Any CPU.Build.0 = Debug|Any CPU
		{87582870-1173-0E2F-F49A-4B91EA002E85}.Release|Any CPU.ActiveCfg = Release|Any CPU
		{87582870-1173-0E2F-F49A-4B91EA002E85}.Release|Any CPU.Build.0 = Release|Any CPU
		{AC348226-F2EC-4BD9-C9E8-3AB80277F6F9}.Debug|Any CPU.ActiveCfg = Debug|Any CPU
		{AC348226-F2EC-4BD9-C9E8-3AB80277F6F9}.Debug|Any CPU.Build.0 = Debug|Any CPU
		{AC348226-F2EC-4BD9-C9E8-3AB80277F6F9}.Release|Any CPU.ActiveCfg = Release|Any CPU
		{AC348226-F2EC-4BD9-C9E8-3AB80277F6F9}.Release|Any CPU.Build.0 = Release|Any CPU
		{8135DD1B-57B3-9A81-5532-017A660ACEC7}.Debug|Any CPU.ActiveCfg = Debug|Any CPU
		{8135DD1B-57B3-9A81-5532-017A660ACEC7}.Debug|Any CPU.Build.0 = Debug|Any CPU
		{8135DD1B-57B3-9A81-5532-017A660ACEC7}.Release|Any CPU.ActiveCfg = Release|Any CPU
		{8135DD1B-57B3-9A81-5532-017A660ACEC7}.Release|Any CPU.Build.0 = Release|Any CPU
		{3D6D6953-8F3C-5A07-B60F-186CDB39C653}.Debug|Any CPU.ActiveCfg = Debug|Any CPU
		{3D6D6953-8F3C-5A07-B60F-186CDB39C653}.Debug|Any CPU.Build.0 = Debug|Any CPU
		{3D6D6953-8F3C-5A07-B60F-186CDB39C653}.Release|Any CPU.ActiveCfg = Release|Any CPU
		{3D6D6953-8F3C-5A07-B60F-186CDB39C653}.Release|Any CPU.Build.0 = Release|Any CPU
	EndGlobalSection
	GlobalSection(SolutionProperties) = preSolution
		HideSolutionNode = FALSE
	EndGlobalSection
EndGlobal
